// !$*UTF8*$!
{
	archiveVersion = 1;
	classes = {
	};
	objectVersion = 46;
	objects = {

/* Begin PBXBuildFile section */
		EB3B6B081CA0CEF300D93CBC /* main.m in Sources */ = {isa = PBXBuildFile; fileRef = EB3B6B071CA0CEF300D93CBC /* main.m */; };
		EB3B6B0B1CA0CEF300D93CBC /* AppDelegate.m in Sources */ = {isa = PBXBuildFile; fileRef = EB3B6B0A1CA0CEF300D93CBC /* AppDelegate.m */; };
		EB3B6B0E1CA0CEF300D93CBC /* FirstViewController.m in Sources */ = {isa = PBXBuildFile; fileRef = EB3B6B0D1CA0CEF300D93CBC /* FirstViewController.m */; };
		EB3B6B111CA0CEF300D93CBC /* SecondViewController.m in Sources */ = {isa = PBXBuildFile; fileRef = EB3B6B101CA0CEF300D93CBC /* SecondViewController.m */; };
		EB3B6B141CA0CEF300D93CBC /* Main.storyboard in Resources */ = {isa = PBXBuildFile; fileRef = EB3B6B121CA0CEF300D93CBC /* Main.storyboard */; };
		EB3B6B161CA0CEF300D93CBC /* Assets.xcassets in Resources */ = {isa = PBXBuildFile; fileRef = EB3B6B151CA0CEF300D93CBC /* Assets.xcassets */; };
		EB3B6B191CA0CEF300D93CBC /* LaunchScreen.storyboard in Resources */ = {isa = PBXBuildFile; fileRef = EB3B6B171CA0CEF300D93CBC /* LaunchScreen.storyboard */; };
		EB3B6B241CA0CEF300D93CBC /* MingZhuMediaTests.m in Sources */ = {isa = PBXBuildFile; fileRef = EB3B6B231CA0CEF300D93CBC /* MingZhuMediaTests.m */; };
		EB3B6B2F1CA0CEF300D93CBC /* MingZhuMediaUITests.m in Sources */ = {isa = PBXBuildFile; fileRef = EB3B6B2E1CA0CEF300D93CBC /* MingZhuMediaUITests.m */; };
/* End PBXBuildFile section */

/* Begin PBXContainerItemProxy section */
		EB3B6B201CA0CEF300D93CBC /* PBXContainerItemProxy */ = {
			isa = PBXContainerItemProxy;
			containerPortal = EB3B6AFB1CA0CEF300D93CBC /* Project object */;
			proxyType = 1;
			remoteGlobalIDString = EB3B6B021CA0CEF300D93CBC;
			remoteInfo = MingZhuMedia;
		};
		EB3B6B2B1CA0CEF300D93CBC /* PBXContainerItemProxy */ = {
			isa = PBXContainerItemProxy;
			containerPortal = EB3B6AFB1CA0CEF300D93CBC /* Project object */;
			proxyType = 1;
			remoteGlobalIDString = EB3B6B021CA0CEF300D93CBC;
			remoteInfo = MingZhuMedia;
		};
/* End PBXContainerItemProxy section */

/* Begin PBXFileReference section */
		EB3B6B031CA0CEF300D93CBC /* MingZhuMedia.app */ = {isa = PBXFileReference; explicitFileType = wrapper.application; includeInIndex = 0; path = MingZhuMedia.app; sourceTree = BUILT_PRODUCTS_DIR; };
		EB3B6B071CA0CEF300D93CBC /* main.m */ = {isa = PBXFileReference; lastKnownFileType = sourcecode.c.objc; path = main.m; sourceTree = "<group>"; };
		EB3B6B091CA0CEF300D93CBC /* AppDelegate.h */ = {isa = PBXFileReference; lastKnownFileType = sourcecode.c.h; path = AppDelegate.h; sourceTree = "<group>"; };
		EB3B6B0A1CA0CEF300D93CBC /* AppDelegate.m */ = {isa = PBXFileReference; lastKnownFileType = sourcecode.c.objc; path = AppDelegate.m; sourceTree = "<group>"; };
		EB3B6B0C1CA0CEF300D93CBC /* FirstViewController.h */ = {isa = PBXFileReference; lastKnownFileType = sourcecode.c.h; path = FirstViewController.h; sourceTree = "<group>"; };
		EB3B6B0D1CA0CEF300D93CBC /* FirstViewController.m */ = {isa = PBXFileReference; lastKnownFileType = sourcecode.c.objc; path = FirstViewController.m; sourceTree = "<group>"; };
		EB3B6B0F1CA0CEF300D93CBC /* SecondViewController.h */ = {isa = PBXFileReference; lastKnownFileType = sourcecode.c.h; path = SecondViewController.h; sourceTree = "<group>"; };
		EB3B6B101CA0CEF300D93CBC /* SecondViewController.m */ = {isa = PBXFileReference; lastKnownFileType = sourcecode.c.objc; path = SecondViewController.m; sourceTree = "<group>"; };
		EB3B6B131CA0CEF300D93CBC /* Base */ = {isa = PBXFileReference; lastKnownFileType = file.storyboard; name = Base; path = Base.lproj/Main.storyboard; sourceTree = "<group>"; };
		EB3B6B151CA0CEF300D93CBC /* Assets.xcassets */ = {isa = PBXFileReference; lastKnownFileType = folder.assetcatalog; path = Assets.xcassets; sourceTree = "<group>"; };
		EB3B6B181CA0CEF300D93CBC /* Base */ = {isa = PBXFileReference; lastKnownFileType = file.storyboard; name = Base; path = Base.lproj/LaunchScreen.storyboard; sourceTree = "<group>"; };
		EB3B6B1A1CA0CEF300D93CBC /* Info.plist */ = {isa = PBXFileReference; lastKnownFileType = text.plist.xml; path = Info.plist; sourceTree = "<group>"; };
		EB3B6B1F1CA0CEF300D93CBC /* MingZhuMediaTests.xctest */ = {isa = PBXFileReference; explicitFileType = wrapper.cfbundle; includeInIndex = 0; path = MingZhuMediaTests.xctest; sourceTree = BUILT_PRODUCTS_DIR; };
		EB3B6B231CA0CEF300D93CBC /* MingZhuMediaTests.m */ = {isa = PBXFileReference; lastKnownFileType = sourcecode.c.objc; path = MingZhuMediaTests.m; sourceTree = "<group>"; };
		EB3B6B251CA0CEF300D93CBC /* Info.plist */ = {isa = PBXFileReference; lastKnownFileType = text.plist.xml; path = Info.plist; sourceTree = "<group>"; };
		EB3B6B2A1CA0CEF300D93CBC /* MingZhuMediaUITests.xctest */ = {isa = PBXFileReference; explicitFileType = wrapper.cfbundle; includeInIndex = 0; path = MingZhuMediaUITests.xctest; sourceTree = BUILT_PRODUCTS_DIR; };
		EB3B6B2E1CA0CEF300D93CBC /* MingZhuMediaUITests.m */ = {isa = PBXFileReference; lastKnownFileType = sourcecode.c.objc; path = MingZhuMediaUITests.m; sourceTree = "<group>"; };
		EB3B6B301CA0CEF300D93CBC /* Info.plist */ = {isa = PBXFileReference; lastKnownFileType = text.plist.xml; path = Info.plist; sourceTree = "<group>"; };
		EB3B6B4B1CA0CF5500D93CBC /* MingZhuMedia copy-Info.plist */ = {isa = PBXFileReference; lastKnownFileType = text.plist.xml; name = "MingZhuMedia copy-Info.plist"; path = "/Users/Gaolei/Desktop/MingZhuMedia-iOS/MingZhuMedia/MingZhuMedia copy-Info.plist"; sourceTree = "<absolute>"; };
/* End PBXFileReference section */

/* Begin PBXFrameworksBuildPhase section */
		EB3B6B001CA0CEF300D93CBC /* Frameworks */ = {
			isa = PBXFrameworksBuildPhase;
			buildActionMask = 2147483647;
			files = (
			);
			runOnlyForDeploymentPostprocessing = 0;
		};
		EB3B6B1C1CA0CEF300D93CBC /* Frameworks */ = {
			isa = PBXFrameworksBuildPhase;
			buildActionMask = 2147483647;
			files = (
			);
			runOnlyForDeploymentPostprocessing = 0;
		};
		EB3B6B271CA0CEF300D93CBC /* Frameworks */ = {
			isa = PBXFrameworksBuildPhase;
			buildActionMask = 2147483647;
			files = (
			);
			runOnlyForDeploymentPostprocessing = 0;
		};
/* End PBXFrameworksBuildPhase section */

/* Begin PBXGroup section */
		EB3B6AFA1CA0CEF300D93CBC = {
			isa = PBXGroup;
			children = (
				EB3B6B051CA0CEF300D93CBC /* MingZhuMedia */,
				EB3B6B221CA0CEF300D93CBC /* MingZhuMediaTests */,
				EB3B6B2D1CA0CEF300D93CBC /* MingZhuMediaUITests */,
				EB3B6B041CA0CEF300D93CBC /* Products */,
				EB3B6B4B1CA0CF5500D93CBC /* MingZhuMedia copy-Info.plist */,
			);
			sourceTree = "<group>";
		};
		EB3B6B041CA0CEF300D93CBC /* Products */ = {
			isa = PBXGroup;
			children = (
				EB3B6B031CA0CEF300D93CBC /* MingZhuMedia.app */,
				EB3B6B1F1CA0CEF300D93CBC /* MingZhuMediaTests.xctest */,
				EB3B6B2A1CA0CEF300D93CBC /* MingZhuMediaUITests.xctest */,
			);
			name = Products;
			sourceTree = "<group>";
		};
		EB3B6B051CA0CEF300D93CBC /* MingZhuMedia */ = {
			isa = PBXGroup;
			children = (
				EB3B6B091CA0CEF300D93CBC /* AppDelegate.h */,
				EB3B6B0A1CA0CEF300D93CBC /* AppDelegate.m */,
				EB3B6B0C1CA0CEF300D93CBC /* FirstViewController.h */,
				EB3B6B0D1CA0CEF300D93CBC /* FirstViewController.m */,
				EB3B6B0F1CA0CEF300D93CBC /* SecondViewController.h */,
				EB3B6B101CA0CEF300D93CBC /* SecondViewController.m */,
				EB3B6B121CA0CEF300D93CBC /* Main.storyboard */,
				EB3B6B151CA0CEF300D93CBC /* Assets.xcassets */,
				EB3B6B171CA0CEF300D93CBC /* LaunchScreen.storyboard */,
				EB3B6B1A1CA0CEF300D93CBC /* Info.plist */,
				EB3B6B061CA0CEF300D93CBC /* Supporting Files */,
			);
			path = MingZhuMedia;
			sourceTree = "<group>";
		};
		EB3B6B061CA0CEF300D93CBC /* Supporting Files */ = {
			isa = PBXGroup;
			children = (
				EB3B6B071CA0CEF300D93CBC /* main.m */,
			);
			name = "Supporting Files";
			sourceTree = "<group>";
		};
		EB3B6B221CA0CEF300D93CBC /* MingZhuMediaTests */ = {
			isa = PBXGroup;
			children = (
				EB3B6B231CA0CEF300D93CBC /* MingZhuMediaTests.m */,
				EB3B6B251CA0CEF300D93CBC /* Info.plist */,
			);
			path = MingZhuMediaTests;
			sourceTree = "<group>";
		};
		EB3B6B2D1CA0CEF300D93CBC /* MingZhuMediaUITests */ = {
			isa = PBXGroup;
			children = (
				EB3B6B2E1CA0CEF300D93CBC /* MingZhuMediaUITests.m */,
				EB3B6B301CA0CEF300D93CBC /* Info.plist */,
			);
			path = MingZhuMediaUITests;
			sourceTree = "<group>";
		};
/* End PBXGroup section */

/* Begin PBXNativeTarget section */
		EB3B6B021CA0CEF300D93CBC /* MingZhuMedia */ = {
			isa = PBXNativeTarget;
			buildConfigurationList = EB3B6B331CA0CEF300D93CBC /* Build configuration list for PBXNativeTarget "MingZhuMedia" */;
			buildPhases = (
				EB3B6AFF1CA0CEF300D93CBC /* Sources */,
				EB3B6B001CA0CEF300D93CBC /* Frameworks */,
				EB3B6B011CA0CEF300D93CBC /* Resources */,
			);
			buildRules = (
			);
			dependencies = (
			);
			name = MingZhuMedia;
			productName = MingZhuMedia;
			productReference = EB3B6B031CA0CEF300D93CBC /* MingZhuMedia.app */;
			productType = "com.apple.product-type.application";
		};
		EB3B6B1E1CA0CEF300D93CBC /* MingZhuMediaTests */ = {
			isa = PBXNativeTarget;
			buildConfigurationList = EB3B6B361CA0CEF300D93CBC /* Build configuration list for PBXNativeTarget "MingZhuMediaTests" */;
			buildPhases = (
				EB3B6B1B1CA0CEF300D93CBC /* Sources */,
				EB3B6B1C1CA0CEF300D93CBC /* Frameworks */,
				EB3B6B1D1CA0CEF300D93CBC /* Resources */,
			);
			buildRules = (
			);
			dependencies = (
				EB3B6B211CA0CEF300D93CBC /* PBXTargetDependency */,
			);
			name = MingZhuMediaTests;
			productName = MingZhuMediaTests;
			productReference = EB3B6B1F1CA0CEF300D93CBC /* MingZhuMediaTests.xctest */;
			productType = "com.apple.product-type.bundle.unit-test";
		};
		EB3B6B291CA0CEF300D93CBC /* MingZhuMediaUITests */ = {
			isa = PBXNativeTarget;
			buildConfigurationList = EB3B6B391CA0CEF300D93CBC /* Build configuration list for PBXNativeTarget "MingZhuMediaUITests" */;
			buildPhases = (
				EB3B6B261CA0CEF300D93CBC /* Sources */,
				EB3B6B271CA0CEF300D93CBC /* Frameworks */,
				EB3B6B281CA0CEF300D93CBC /* Resources */,
			);
			buildRules = (
			);
			dependencies = (
				EB3B6B2C1CA0CEF300D93CBC /* PBXTargetDependency */,
			);
			name = MingZhuMediaUITests;
			productName = MingZhuMediaUITests;
			productReference = EB3B6B2A1CA0CEF300D93CBC /* MingZhuMediaUITests.xctest */;
			productType = "com.apple.product-type.bundle.ui-testing";
		};
/* End PBXNativeTarget section */

/* Begin PBXProject section */
		EB3B6AFB1CA0CEF300D93CBC /* Project object */ = {
			isa = PBXProject;
			attributes = {
				LastUpgradeCheck = 0720;
				ORGANIZATIONNAME = "Gaolei's Macbook Air";
				TargetAttributes = {
					EB3B6B021CA0CEF300D93CBC = {
						CreatedOnToolsVersion = 7.2.1;
						DevelopmentTeam = 64A2KDAH5T;
					};
					EB3B6B1E1CA0CEF300D93CBC = {
						CreatedOnToolsVersion = 7.2.1;
						DevelopmentTeam = 64A2KDAH5T;
						TestTargetID = EB3B6B021CA0CEF300D93CBC;
					};
					EB3B6B291CA0CEF300D93CBC = {
						CreatedOnToolsVersion = 7.2.1;
						DevelopmentTeam = 64A2KDAH5T;
						TestTargetID = EB3B6B021CA0CEF300D93CBC;
					};
				};
			};
			buildConfigurationList = EB3B6AFE1CA0CEF300D93CBC /* Build configuration list for PBXProject "MingZhuMedia" */;
			compatibilityVersion = "Xcode 3.2";
			developmentRegion = English;
			hasScannedForEncodings = 0;
			knownRegions = (
				en,
				Base,
			);
			mainGroup = EB3B6AFA1CA0CEF300D93CBC;
			productRefGroup = EB3B6B041CA0CEF300D93CBC /* Products */;
			projectDirPath = "";
			projectRoot = "";
			targets = (
				EB3B6B021CA0CEF300D93CBC /* MingZhuMedia */,
				EB3B6B1E1CA0CEF300D93CBC /* MingZhuMediaTests */,
				EB3B6B291CA0CEF300D93CBC /* MingZhuMediaUITests */,
			);
		};
/* End PBXProject section */

/* Begin PBXResourcesBuildPhase section */
		EB3B6B011CA0CEF300D93CBC /* Resources */ = {
			isa = PBXResourcesBuildPhase;
			buildActionMask = 2147483647;
			files = (
				EB3B6B191CA0CEF300D93CBC /* LaunchScreen.storyboard in Resources */,
				EB3B6B161CA0CEF300D93CBC /* Assets.xcassets in Resources */,
				EB3B6B141CA0CEF300D93CBC /* Main.storyboard in Resources */,
			);
			runOnlyForDeploymentPostprocessing = 0;
		};
		EB3B6B1D1CA0CEF300D93CBC /* Resources */ = {
			isa = PBXResourcesBuildPhase;
			buildActionMask = 2147483647;
			files = (
			);
			runOnlyForDeploymentPostprocessing = 0;
		};
		EB3B6B281CA0CEF300D93CBC /* Resources */ = {
			isa = PBXResourcesBuildPhase;
			buildActionMask = 2147483647;
			files = (
			);
			runOnlyForDeploymentPostprocessing = 0;
		};
/* End PBXResourcesBuildPhase section */

/* Begin PBXSourcesBuildPhase section */
		EB3B6AFF1CA0CEF300D93CBC /* Sources */ = {
			isa = PBXSourcesBuildPhase;
			buildActionMask = 2147483647;
			files = (
				EB3B6B111CA0CEF300D93CBC /* SecondViewController.m in Sources */,
				EB3B6B0B1CA0CEF300D93CBC /* AppDelegate.m in Sources */,
				EB3B6B0E1CA0CEF300D93CBC /* FirstViewController.m in Sources */,
				EB3B6B081CA0CEF300D93CBC /* main.m in Sources */,
			);
			runOnlyForDeploymentPostprocessing = 0;
		};
		EB3B6B1B1CA0CEF300D93CBC /* Sources */ = {
			isa = PBXSourcesBuildPhase;
			buildActionMask = 2147483647;
			files = (
				EB3B6B241CA0CEF300D93CBC /* MingZhuMediaTests.m in Sources */,
			);
			runOnlyForDeploymentPostprocessing = 0;
		};
		EB3B6B261CA0CEF300D93CBC /* Sources */ = {
			isa = PBXSourcesBuildPhase;
			buildActionMask = 2147483647;
			files = (
				EB3B6B2F1CA0CEF300D93CBC /* MingZhuMediaUITests.m in Sources */,
			);
			runOnlyForDeploymentPostprocessing = 0;
		};
/* End PBXSourcesBuildPhase section */

/* Begin PBXTargetDependency section */
		EB3B6B211CA0CEF300D93CBC /* PBXTargetDependency */ = {
			isa = PBXTargetDependency;
			target = EB3B6B021CA0CEF300D93CBC /* MingZhuMedia */;
			targetProxy = EB3B6B201CA0CEF300D93CBC /* PBXContainerItemProxy */;
		};
		EB3B6B2C1CA0CEF300D93CBC /* PBXTargetDependency */ = {
			isa = PBXTargetDependency;
			target = EB3B6B021CA0CEF300D93CBC /* MingZhuMedia */;
			targetProxy = EB3B6B2B1CA0CEF300D93CBC /* PBXContainerItemProxy */;
		};
/* End PBXTargetDependency section */

/* Begin PBXVariantGroup section */
		EB3B6B121CA0CEF300D93CBC /* Main.storyboard */ = {
			isa = PBXVariantGroup;
			children = (
				EB3B6B131CA0CEF300D93CBC /* Base */,
			);
			name = Main.storyboard;
			sourceTree = "<group>";
		};
		EB3B6B171CA0CEF300D93CBC /* LaunchScreen.storyboard */ = {
			isa = PBXVariantGroup;
			children = (
				EB3B6B181CA0CEF300D93CBC /* Base */,
			);
			name = LaunchScreen.storyboard;
			sourceTree = "<group>";
		};
/* End PBXVariantGroup section */

/* Begin XCBuildConfiguration section */
		EB3B6B311CA0CEF300D93CBC /* Debug */ = {
			isa = XCBuildConfiguration;
			buildSettings = {
				ALWAYS_SEARCH_USER_PATHS = NO;
				CLANG_CXX_LANGUAGE_STANDARD = "gnu++0x";
				CLANG_CXX_LIBRARY = "libc++";
				CLANG_ENABLE_MODULES = YES;
				CLANG_ENABLE_OBJC_ARC = YES;
				CLANG_WARN_BOOL_CONVERSION = YES;
				CLANG_WARN_CONSTANT_CONVERSION = YES;
				CLANG_WARN_DIRECT_OBJC_ISA_USAGE = YES_ERROR;
				CLANG_WARN_EMPTY_BODY = YES;
				CLANG_WARN_ENUM_CONVERSION = YES;
				CLANG_WARN_INT_CONVERSION = YES;
				CLANG_WARN_OBJC_ROOT_CLASS = YES_ERROR;
				CLANG_WARN_UNREACHABLE_CODE = YES;
				CLANG_WARN__DUPLICATE_METHOD_MATCH = YES;
				"CODE_SIGN_IDENTITY[sdk=iphoneos*]" = "iPhone Developer";
				COPY_PHASE_STRIP = NO;
				DEBUG_INFORMATION_FORMAT = dwarf;
				ENABLE_STRICT_OBJC_MSGSEND = YES;
				ENABLE_TESTABILITY = YES;
				GCC_C_LANGUAGE_STANDARD = gnu99;
				GCC_DYNAMIC_NO_PIC = NO;
				GCC_NO_COMMON_BLOCKS = YES;
				GCC_OPTIMIZATION_LEVEL = 0;
				GCC_PREPROCESSOR_DEFINITIONS = (
					"DEBUG=1",
					"$(inherited)",
				);
				GCC_WARN_64_TO_32_BIT_CONVERSION = YES;
				GCC_WARN_ABOUT_RETURN_TYPE = YES_ERROR;
				GCC_WARN_UNDECLARED_SELECTOR = YES;
				GCC_WARN_UNINITIALIZED_AUTOS = YES_AGGRESSIVE;
				GCC_WARN_UNUSED_FUNCTION = YES;
				GCC_WARN_UNUSED_VARIABLE = YES;
				IPHONEOS_DEPLOYMENT_TARGET = 9.2;
				MTL_ENABLE_DEBUG_INFO = YES;
				ONLY_ACTIVE_ARCH = YES;
				SDKROOT = iphoneos;
				TARGETED_DEVICE_FAMILY = "1,2";
			};
			name = Debug;
		};
		EB3B6B321CA0CEF300D93CBC /* Release */ = {
			isa = XCBuildConfiguration;
			buildSettings = {
				ALWAYS_SEARCH_USER_PATHS = NO;
				CLANG_CXX_LANGUAGE_STANDARD = "gnu++0x";
				CLANG_CXX_LIBRARY = "libc++";
				CLANG_ENABLE_MODULES = YES;
				CLANG_ENABLE_OBJC_ARC = YES;
				CLANG_WARN_BOOL_CONVERSION = YES;
				CLANG_WARN_CONSTANT_CONVERSION = YES;
				CLANG_WARN_DIRECT_OBJC_ISA_USAGE = YES_ERROR;
				CLANG_WARN_EMPTY_BODY = YES;
				CLANG_WARN_ENUM_CONVERSION = YES;
				CLANG_WARN_INT_CONVERSION = YES;
				CLANG_WARN_OBJC_ROOT_CLASS = YES_ERROR;
				CLANG_WARN_UNREACHABLE_CODE = YES;
				CLANG_WARN__DUPLICATE_METHOD_MATCH = YES;
				"CODE_SIGN_IDENTITY[sdk=iphoneos*]" = "iPhone Developer";
				COPY_PHASE_STRIP = NO;
				DEBUG_INFORMATION_FORMAT = "dwarf-with-dsym";
				ENABLE_NS_ASSERTIONS = NO;
				ENABLE_STRICT_OBJC_MSGSEND = YES;
				GCC_C_LANGUAGE_STANDARD = gnu99;
				GCC_NO_COMMON_BLOCKS = YES;
				GCC_WARN_64_TO_32_BIT_CONVERSION = YES;
				GCC_WARN_ABOUT_RETURN_TYPE = YES_ERROR;
				GCC_WARN_UNDECLARED_SELECTOR = YES;
				GCC_WARN_UNINITIALIZED_AUTOS = YES_AGGRESSIVE;
				GCC_WARN_UNUSED_FUNCTION = YES;
				GCC_WARN_UNUSED_VARIABLE = YES;
				IPHONEOS_DEPLOYMENT_TARGET = 9.2;
				MTL_ENABLE_DEBUG_INFO = NO;
				SDKROOT = iphoneos;
				TARGETED_DEVICE_FAMILY = "1,2";
				VALIDATE_PRODUCT = YES;
			};
			name = Release;
		};
		EB3B6B341CA0CEF300D93CBC /* Debug */ = {
			isa = XCBuildConfiguration;
			buildSettings = {
				ASSETCATALOG_COMPILER_APPICON_NAME = AppIcon;
				INFOPLIST_FILE = MingZhuMedia/Info.plist;
				LD_RUNPATH_SEARCH_PATHS = "$(inherited) @executable_path/Frameworks";
				PRODUCT_BUNDLE_IDENTIFIER = com.meetfuture.MingZhuMedia;
				PRODUCT_NAME = "$(TARGET_NAME)";
			};
			name = Debug;
		};
		EB3B6B351CA0CEF300D93CBC /* Release */ = {
			isa = XCBuildConfiguration;
			buildSettings = {
				ASSETCATALOG_COMPILER_APPICON_NAME = AppIcon;
				INFOPLIST_FILE = MingZhuMedia/Info.plist;
				LD_RUNPATH_SEARCH_PATHS = "$(inherited) @executable_path/Frameworks";
				PRODUCT_BUNDLE_IDENTIFIER = com.meetfuture.MingZhuMedia;
				PRODUCT_NAME = "$(TARGET_NAME)";
			};
			name = Release;
		};
		EB3B6B371CA0CEF300D93CBC /* Debug */ = {
			isa = XCBuildConfiguration;
			buildSettings = {
				BUNDLE_LOADER = "$(TEST_HOST)";
				INFOPLIST_FILE = MingZhuMediaTests/Info.plist;
				LD_RUNPATH_SEARCH_PATHS = "$(inherited) @executable_path/Frameworks @loader_path/Frameworks";
				PRODUCT_BUNDLE_IDENTIFIER = com.meetfuture.MingZhuMediaTests;
				PRODUCT_NAME = "$(TARGET_NAME)";
				TEST_HOST = "$(BUILT_PRODUCTS_DIR)/MingZhuMedia.app/MingZhuMedia";
			};
			name = Debug;
		};
		EB3B6B381CA0CEF300D93CBC /* Release */ = {
			isa = XCBuildConfiguration;
			buildSettings = {
				BUNDLE_LOADER = "$(TEST_HOST)";
				INFOPLIST_FILE = MingZhuMediaTests/Info.plist;
				LD_RUNPATH_SEARCH_PATHS = "$(inherited) @executable_path/Frameworks @loader_path/Frameworks";
				PRODUCT_BUNDLE_IDENTIFIER = com.meetfuture.MingZhuMediaTests;
				PRODUCT_NAME = "$(TARGET_NAME)";
				TEST_HOST = "$(BUILT_PRODUCTS_DIR)/MingZhuMedia.app/MingZhuMedia";
			};
			name = Release;
		};
		EB3B6B3A1CA0CEF300D93CBC /* Debug */ = {
			isa = XCBuildConfiguration;
			buildSettings = {
				INFOPLIST_FILE = MingZhuMediaUITests/Info.plist;
				LD_RUNPATH_SEARCH_PATHS = "$(inherited) @executable_path/Frameworks @loader_path/Frameworks";
				PRODUCT_BUNDLE_IDENTIFIER = com.meetfuture.MingZhuMediaUITests;
				PRODUCT_NAME = "$(TARGET_NAME)";
				TEST_TARGET_NAME = MingZhuMedia;
				USES_XCTRUNNER = YES;
			};
			name = Debug;
		};
		EB3B6B3B1CA0CEF300D93CBC /* Release */ = {
			isa = XCBuildConfiguration;
			buildSettings = {
				INFOPLIST_FILE = MingZhuMediaUITests/Info.plist;
				LD_RUNPATH_SEARCH_PATHS = "$(inherited) @executable_path/Frameworks @loader_path/Frameworks";
				PRODUCT_BUNDLE_IDENTIFIER = com.meetfuture.MingZhuMediaUITests;
				PRODUCT_NAME = "$(TARGET_NAME)";
				TEST_TARGET_NAME = MingZhuMedia;
				USES_XCTRUNNER = YES;
			};
			name = Release;
		};
/* End XCBuildConfiguration section */

/* Begin XCConfigurationList section */
		EB3B6AFE1CA0CEF300D93CBC /* Build configuration list for PBXProject "MingZhuMedia" */ = {
			isa = XCConfigurationList;
			buildConfigurations = (
				EB3B6B311CA0CEF300D93CBC /* Debug */,
				EB3B6B321CA0CEF300D93CBC /* Release */,
			);
			defaultConfigurationIsVisible = 0;
			defaultConfigurationName = Release;
		};
		EB3B6B331CA0CEF300D93CBC /* Build configuration list for PBXNativeTarget "MingZhuMedia" */ = {
			isa = XCConfigurationList;
			buildConfigurations = (
				EB3B6B341CA0CEF300D93CBC /* Debug */,
				EB3B6B351CA0CEF300D93CBC /* Release */,
			);
			defaultConfigurationIsVisible = 0;
		};
		EB3B6B361CA0CEF300D93CBC /* Build configuration list for PBXNativeTarget "MingZhuMediaTests" */ = {
			isa = XCConfigurationList;
			buildConfigurations = (
				EB3B6B371CA0CEF300D93CBC /* Debug */,
				EB3B6B381CA0CEF300D93CBC /* Release */,
			);
			defaultConfigurationIsVisible = 0;
		};
		EB3B6B391CA0CEF300D93CBC /* Build configuration list for PBXNativeTarget "MingZhuMediaUITests" */ = {
			isa = XCConfigurationList;
			buildConfigurations = (
				EB3B6B3A1CA0CEF300D93CBC /* Debug */,
				EB3B6B3B1CA0CEF300D93CBC /* Release */,
			);
			defaultConfigurationIsVisible = 0;
		};
/* End XCConfigurationList section */
	};
	rootObject = EB3B6AFB1CA0CEF300D93CBC /* Project object */;
}
